
Microsoft Visual Studio Solution File, Format Version 12.00
# Visual Studio Version 17
VisualStudioVersion = 17.3.32922.545
MinimumVisualStudioVersion = 10.0.40219.1
Project("{FAE04EC0-301F-11D3-BF4B-00C04F79EFBC}") = "02_Exercicios", "02_Exercicios\02_Exercicios.csproj", "{A737818F-8E87-4CF7-87BC-A79E5D26E573}"
EndProject
Global
	GlobalSection(SolutionConfigurationPlatforms) = preSolution
		Debug|Any CPU = Debug|Any CPU
		Release|Any CPU = Release|Any CPU
	EndGlobalSection
	GlobalSection(ProjectConfigurationPlatforms) = postSolution
		{A737818F-8E87-4CF7-87BC-A79E5D26E573}.Debug|Any CPU.ActiveCfg = Debug|Any CPU
		{A737818F-8E87-4CF7-87BC-A79E5D26E573}.Debug|Any CPU.Build.0 = Debug|Any CPU
		{A737818F-8E87-4CF7-87BC-A79E5D26E573}.Release|Any CPU.ActiveCfg = Release|Any CPU
		{A737818F-8E87-4CF7-87BC-A79E5D26E573}.Release|Any CPU.Build.0 = Release|Any CPU
	EndGlobalSection
	GlobalSection(SolutionProperties) = preSolution
		HideSolutionNode = FALSE
	EndGlobalSection
	GlobalSection(ExtensibilityGlobals) = postSolution
		SolutionGuid = {7299234D-C825-4497-8E58-A175734773AC}
	EndGlobalSection
EndGlobal
