
Microsoft Visual Studio Solution File, Format Version 12.00
# Visual Studio Version 17
VisualStudioVersion = 17.3.32922.545
MinimumVisualStudioVersion = 10.0.40219.1
Project("{FAE04EC0-301F-11D3-BF4B-00C04F79EFBC}") = "Variaveis", "Variaveis\Variaveis.csproj", "{CA6C40B4-0158-43AE-A349-D702F38738FD}"
EndProject
Global
	GlobalSection(SolutionConfigurationPlatforms) = preSolution
		Debug|Any CPU = Debug|Any CPU
		Release|Any CPU = Release|Any CPU
	EndGlobalSection
	GlobalSection(ProjectConfigurationPlatforms) = postSolution
		{CA6C40B4-0158-43AE-A349-D702F38738FD}.Debug|Any CPU.ActiveCfg = Debug|Any CPU
		{CA6C40B4-0158-43AE-A349-D702F38738FD}.Debug|Any CPU.Build.0 = Debug|Any CPU
		{CA6C40B4-0158-43AE-A349-D702F38738FD}.Release|Any CPU.ActiveCfg = Release|Any CPU
		{CA6C40B4-0158-43AE-A349-D702F38738FD}.Release|Any CPU.Build.0 = Release|Any CPU
	EndGlobalSection
	GlobalSection(SolutionProperties) = preSolution
		HideSolutionNode = FALSE
	EndGlobalSection
	GlobalSection(ExtensibilityGlobals) = postSolution
		SolutionGuid = {A3531837-949E-4335-8F33-31B10FC2D3CE}
	EndGlobalSection
EndGlobal
